{
  "name": "LeadingEdge.Curator.web",
  "version": "1.0.0",
  "lockfileVersion": 1,
  "requires": true,
  "dependencies": {
    "@fortawesome/fontawesome-pro": {
      "version": "5.15.1",
      "resolved": "https://npm.fontawesome.com/@fortawesome/fontawesome-pro/-/5.15.1/fontawesome-pro-5.15.1.tgz",
      "integrity": "sha512-6bQonxTtpPDn/38y0vC76XAiIKqCII7EWILc1kKcOMEjjOUv67IwLMz3A9iFdfFrR1BCvXKf60ScmX3G8LU7Pw=="
    }
  }
}
